#MicroXplorer Configuration settings - do not modify
CAD.formats=
CAD.pinconfig=
CAD.provider=
CortexM4.IPs=BDMA,DMA,FATFS_M4\:I,FREERTOS_M4\:I,IWDG2\:I,MDMA,NVIC2\:I,RCC,USB_DEVICE_M4\:I,USB_HOST_M4\:I,WWDG2\:I,ADC1\:I,DCMI\:I,TIM3\:I,DEBUG,PDM2PCM_M4\:I,PWR,RESMGR_UTILITY,SYS_M4\:I,CORTEX_M4\:I,OPENAMP_M4\:I,VREFBUF,GPIO
CortexM7.IPs=BDMA\:I,DMA\:I,FATFS_M7\:I,FREERTOS_M7\:I,IWDG1\:I,MDMA\:I,NVIC1\:I,RCC\:I,USB_DEVICE_M7\:I,USB_HOST_M7\:I,WWDG1\:I,CORTEX_M7\:I,DEBUG\:I,PDM2PCM_M7\:I,PWR\:I,RESMGR_UTILITY\:I,SYS\:I,OPENAMP_M7\:I,VREFBUF\:I,GPIO\:I,MEMORYMAP\:I,USB_OTG_HS\:I
File.Version=6
KeepUserPlacement=false
MMTAppRegionsCount=0
MMTConfigApplied=false
Mcu.CPN=STM32H747XIH6
Mcu.Context0=CortexM7
Mcu.Context1=CortexM4
Mcu.ContextNb=2
Mcu.Family=STM32H7
Mcu.IP0=CORTEX_M4
Mcu.IP1=CORTEX_M7
Mcu.IP2=MEMORYMAP
Mcu.IP3=NVIC1
Mcu.IP4=NVIC2
Mcu.IP5=RCC
Mcu.IP6=SYS
Mcu.IP7=SYS_M4
Mcu.IP8=USB_HOST_M7
Mcu.IP9=USB_OTG_HS
Mcu.IPNb=10
Mcu.Name=STM32H747XIHx
Mcu.Package=TFBGA240
Mcu.Pin0=PB5
Mcu.Pin1=PI11
Mcu.Pin10=PA4
Mcu.Pin11=PB0
Mcu.Pin12=PB13
Mcu.Pin13=VP_SYS_VS_Systick
Mcu.Pin14=VP_SYS_M4_VS_Systick
Mcu.Pin15=VP_USB_HOST_M7_VS_USB_HOST_ALL_CLASS_HS
Mcu.Pin16=VP_MEMORYMAP_VS_MEMORYMAP
Mcu.Pin2=PC0
Mcu.Pin3=PC3
Mcu.Pin4=PB10
Mcu.Pin5=PB11
Mcu.Pin6=PA5
Mcu.Pin7=PB1
Mcu.Pin8=PB12
Mcu.Pin9=PA3
Mcu.PinsNb=17
Mcu.ThirdPartyNb=0
Mcu.UserConstants=
Mcu.UserName=STM32H747XIHx
MxCube.Version=6.15.0
MxDb.Version=DB.6.0.150
NVIC1.BusFault_IRQn=true\:0\:0\:false\:false\:true\:false\:false\:false
NVIC1.DebugMonitor_IRQn=true\:0\:0\:false\:false\:true\:false\:false\:false
NVIC1.ForceEnableDMAVector=true
NVIC1.HardFault_IRQn=true\:0\:0\:false\:false\:true\:false\:false\:false
NVIC1.MemoryManagement_IRQn=true\:0\:0\:false\:false\:true\:false\:false\:false
NVIC1.NonMaskableInt_IRQn=true\:0\:0\:false\:false\:true\:false\:false\:false
NVIC1.OTG_HS_IRQn=true\:0\:0\:false\:false\:true\:true\:true\:true
NVIC1.PendSV_IRQn=true\:0\:0\:false\:false\:true\:false\:false\:false
NVIC1.PriorityGroup=NVIC_PRIORITYGROUP_4
NVIC1.SVCall_IRQn=true\:0\:0\:false\:false\:true\:false\:false\:false
NVIC1.SysTick_IRQn=true\:0\:0\:false\:false\:true\:false\:true\:false
NVIC1.UsageFault_IRQn=true\:0\:0\:false\:false\:true\:false\:false\:false
NVIC2.BusFault_IRQn=true\:0\:0\:false\:false\:true\:false\:false\:false
NVIC2.DebugMonitor_IRQn=true\:0\:0\:false\:false\:true\:false\:false\:false
NVIC2.ForceEnableDMAVector=true
NVIC2.HardFault_IRQn=true\:0\:0\:false\:false\:true\:false\:false\:false
NVIC2.MemoryManagement_IRQn=true\:0\:0\:false\:false\:true\:false\:false\:false
NVIC2.NonMaskableInt_IRQn=true\:0\:0\:false\:false\:true\:false\:false\:false
NVIC2.PendSV_IRQn=true\:0\:0\:false\:false\:true\:false\:false\:false
NVIC2.PriorityGroup=NVIC_PRIORITYGROUP_4
NVIC2.SVCall_IRQn=true\:0\:0\:false\:false\:true\:false\:false\:false
NVIC2.SysTick_IRQn=true\:0\:0\:false\:false\:true\:false\:true\:false
NVIC2.UsageFault_IRQn=true\:0\:0\:false\:false\:true\:false\:false\:false
PA3.GPIOParameters=PinAttribute
PA3.Mode=Host_HS
PA3.PinAttribute=CortexM7
PA3.Signal=USB_OTG_HS_ULPI_D0
PA4.GPIOParameters=PinAttribute
PA4.Mode=Activate_SOF_FS
PA4.PinAttribute=CortexM7
PA4.Signal=USB_OTG_HS_SOF
PA5.GPIOParameters=PinAttribute
PA5.Mode=Host_HS
PA5.PinAttribute=CortexM7
PA5.Signal=USB_OTG_HS_ULPI_CK
PB0.GPIOParameters=PinAttribute
PB0.Mode=Host_HS
PB0.PinAttribute=CortexM7
PB0.Signal=USB_OTG_HS_ULPI_D1
PB1.GPIOParameters=PinAttribute
PB1.Mode=Host_HS
PB1.PinAttribute=CortexM7
PB1.Signal=USB_OTG_HS_ULPI_D2
PB10.GPIOParameters=PinAttribute
PB10.Mode=Host_HS
PB10.PinAttribute=CortexM7
PB10.Signal=USB_OTG_HS_ULPI_D3
PB11.GPIOParameters=PinAttribute
PB11.Mode=Host_HS
PB11.PinAttribute=CortexM7
PB11.Signal=USB_OTG_HS_ULPI_D4
PB12.GPIOParameters=PinAttribute
PB12.Mode=Host_HS
PB12.PinAttribute=CortexM7
PB12.Signal=USB_OTG_HS_ULPI_D5
PB13.GPIOParameters=PinAttribute
PB13.Mode=Host_HS
PB13.PinAttribute=CortexM7
PB13.Signal=USB_OTG_HS_ULPI_D6
PB5.GPIOParameters=PinAttribute
PB5.Mode=Host_HS
PB5.PinAttribute=CortexM7
PB5.Signal=USB_OTG_HS_ULPI_D7
PC0.GPIOParameters=PinAttribute
PC0.Mode=Host_HS
PC0.PinAttribute=CortexM7
PC0.Signal=USB_OTG_HS_ULPI_STP
PC3.GPIOParameters=PinAttribute
PC3.Mode=Host_HS
PC3.PinAttribute=CortexM7
PC3.Signal=USB_OTG_HS_ULPI_NXT
PI11.GPIOParameters=PinAttribute
PI11.Mode=Host_HS
PI11.PinAttribute=CortexM7
PI11.Signal=USB_OTG_HS_ULPI_DIR
PinOutPanel.CurrentBGAView=Top
PinOutPanel.RotationAngle=0
ProjectManager.AskForMigrate=true
ProjectManager.BackupPrevious=false
ProjectManager.BootMode=boot0
ProjectManager.CompilerLinker=GCC
ProjectManager.CompilerOptimize=6
ProjectManager.ComputerToolchain=false
ProjectManager.CoupleFile=false
ProjectManager.CustomerFirmwarePackage=
ProjectManager.DefaultFWLocation=true
ProjectManager.DeletePrevious=true
ProjectManager.DeviceId=STM32H747XIHx
ProjectManager.FirmwarePackage=STM32Cube FW_H7 V1.12.1
ProjectManager.FreePins=false
ProjectManager.HalAssertFull=false
ProjectManager.HeapSize=M4-0x200,M7-0x200
ProjectManager.KeepUserCode=true
ProjectManager.LastFirmware=true
ProjectManager.LibraryCopy=1
ProjectManager.MainLocation=Core/Src
ProjectManager.NoMain=false
ProjectManager.PreviousToolchain=
ProjectManager.ProjectBuild=false
ProjectManager.ProjectFileName=USB_Host_Reference.ioc
ProjectManager.ProjectName=USB_Host_Reference
ProjectManager.ProjectStructure=M7\:CortexM7 Project\:true;M4\:CortexM4 Project\:true;
ProjectManager.RegisterCallBack=
ProjectManager.StackSize=M4-0x400,M7-0x400
ProjectManager.TargetToolchain=STM32CubeIDE
ProjectManager.ToolChainLocation=
ProjectManager.UAScriptAfterPath=
ProjectManager.UAScriptBeforePath=
ProjectManager.UnderRoot=true
ProjectManager.functionlistsort=1-SystemClock_Config-RCC-false-HAL-false-CortexM7,2-MX_GPIO_Init-GPIO-false-HAL-true-CortexM7,1-MX_GPIO_Init-GPIO-false-HAL-true-CortexM4,2-MX_ADC1_Init-ADC1-false-HAL-true-CortexM4,0-MX_CORTEX_M7_Init-CORTEX_M7-false-HAL-true-CortexM7,0-MX_CORTEX_M4_Init-CORTEX_M4-false-HAL-true-CortexM4
RCC.ADCFreq_Value=75000000
RCC.AHB12Freq_Value=192000000
RCC.AHB4Freq_Value=192000000
RCC.APB1Freq_Value=96000000
RCC.APB2Freq_Value=96000000
RCC.APB3Freq_Value=96000000
RCC.APB4Freq_Value=96000000
RCC.AXIClockFreq_Value=192000000
RCC.CECFreq_Value=32000
RCC.CKPERFreq_Value=64000000
RCC.CPU2Freq_Value=192000000
RCC.CPU2SystikFreq_Value=192000000
RCC.CortexFreq_Value=192000000
RCC.CpuClockFreq_Value=192000000
RCC.D1CPREFreq_Value=192000000
RCC.D1PPRE=RCC_APB3_DIV2
RCC.D2PPRE1=RCC_APB1_DIV2
RCC.D2PPRE2=RCC_APB2_DIV2
RCC.D3PPRE=RCC_APB4_DIV2
RCC.DFSDMACLkFreq_Value=48000000
RCC.DFSDMFreq_Value=96000000
RCC.DIVM1=4
RCC.DIVM2=4
RCC.DIVN1=24
RCC.DIVN2=9
RCC.DIVP1Freq_Value=192000000
RCC.DIVP2Freq_Value=75000000
RCC.DIVP3Freq_Value=129000000
RCC.DIVQ1=8
RCC.DIVQ1Freq_Value=48000000
RCC.DIVQ2Freq_Value=75000000
RCC.DIVQ3Freq_Value=129000000
RCC.DIVR1Freq_Value=192000000
RCC.DIVR2Freq_Value=75000000
RCC.DIVR3Freq_Value=129000000
RCC.DSIFreq_Value=62500000
RCC.DSITXEscFreq_Value=15625000
RCC.FDCANFreq_Value=48000000
RCC.FMCFreq_Value=192000000
RCC.FamilyName=M
RCC.HCLK3ClockFreq_Value=192000000
RCC.HCLKFreq_Value=192000000
RCC.HRTIMFreq_Value=192000000
RCC.I2C123Freq_Value=96000000
RCC.I2C4Freq_Value=96000000
RCC.IPParameters=ADCFreq_Value,AHB12Freq_Value,AHB4Freq_Value,APB1Freq_Value,APB2Freq_Value,APB3Freq_Value,APB4Freq_Value,AXIClockFreq_Value,CECFreq_Value,CKPERFreq_Value,CPU2Freq_Value,CPU2SystikFreq_Value,CortexFreq_Value,CpuClockFreq_Value,D1CPREFreq_Value,D1PPRE,D2PPRE1,D2PPRE2,D3PPRE,DFSDMACLkFreq_Value,DFSDMFreq_Value,DIVM1,DIVM2,DIVN1,DIVN2,DIVP1Freq_Value,DIVP2Freq_Value,DIVP3Freq_Value,DIVQ1,DIVQ1Freq_Value,DIVQ2Freq_Value,DIVQ3Freq_Value,DIVR1Freq_Value,DIVR2Freq_Value,DIVR3Freq_Value,DSIFreq_Value,DSITXEscFreq_Value,FDCANFreq_Value,FMCFreq_Value,FamilyName,HCLK3ClockFreq_Value,HCLKFreq_Value,HRTIMFreq_Value,I2C123Freq_Value,I2C4Freq_Value,LPTIM1Freq_Value,LPTIM2Freq_Value,LPTIM345Freq_Value,LPUART1Freq_Value,LTDCFreq_Value,MCO1PinFreq_Value,MCO2PinFreq_Value,PLL2FRACN,PLLDSIVCOFreq_Value,PLLSourceVirtualString,PWR_Regulator_Voltage_Scale,QSPIFreq_Value,RNGFreq_Value,RTCFreq_Value,SAI1Freq_Value,SAI23Freq_Value,SAI4AFreq_Value,SAI4BFreq_Value,SDMMCFreq_Value,SPDIFRXFreq_Value,SPI123Freq_Value,SPI45Freq_Value,SPI6Freq_Value,SWPMI1Freq_Value,SYSCLKFreq_VALUE,SYSCLKSource,SupplySource,Tim1OutputFreq_Value,Tim2OutputFreq_Value,TraceFreq_Value,USART16Freq_Value,USART234578Freq_Value,USBFreq_Value,VCO1OutputFreq_Value,VCO2OutputFreq_Value,VCO3OutputFreq_Value,VCOInput1Freq_Value,VCOInput2Freq_Value,VCOInput3Freq_Value
RCC.LPTIM1Freq_Value=96000000
RCC.LPTIM2Freq_Value=96000000
RCC.LPTIM345Freq_Value=96000000
RCC.LPUART1Freq_Value=96000000
RCC.LTDCFreq_Value=129000000
RCC.MCO1PinFreq_Value=64000000
RCC.MCO2PinFreq_Value=192000000
RCC.PLL2FRACN=3072
RCC.PLLDSIVCOFreq_Value=1000000000
RCC.PLLSourceVirtualString=RCC_PLLSOURCE_HSI
RCC.PWR_Regulator_Voltage_Scale=PWR_REGULATOR_VOLTAGE_SCALE1
RCC.QSPIFreq_Value=192000000
RCC.RNGFreq_Value=48000000
RCC.RTCFreq_Value=32000
RCC.SAI1Freq_Value=48000000
RCC.SAI23Freq_Value=48000000
RCC.SAI4AFreq_Value=48000000
RCC.SAI4BFreq_Value=48000000
RCC.SDMMCFreq_Value=48000000
RCC.SPDIFRXFreq_Value=48000000
RCC.SPI123Freq_Value=48000000
RCC.SPI45Freq_Value=96000000
RCC.SPI6Freq_Value=96000000
RCC.SWPMI1Freq_Value=96000000
RCC.SYSCLKFreq_VALUE=192000000
RCC.SYSCLKSource=RCC_SYSCLKSOURCE_PLLCLK
RCC.SupplySource=PWR_DIRECT_SMPS_SUPPLY
RCC.Tim1OutputFreq_Value=192000000
RCC.Tim2OutputFreq_Value=192000000
RCC.TraceFreq_Value=64000000
RCC.USART16Freq_Value=96000000
RCC.USART234578Freq_Value=96000000
RCC.USBFreq_Value=48000000
RCC.VCO1OutputFreq_Value=384000000
RCC.VCO2OutputFreq_Value=150000000
RCC.VCO3OutputFreq_Value=258000000
RCC.VCOInput1Freq_Value=16000000
RCC.VCOInput2Freq_Value=16000000
RCC.VCOInput3Freq_Value=2000000
USB_HOST_M7.ALL_SW_VBUS_DRIVE_HS=true
USB_HOST_M7.IPParameters=USBH_HandleTypeDef-ALL_Classes_HS,VirtualModeHS,ALL_SW_VBUS_DRIVE_HS,USBH_DEBUG_LEVEL-ALL_Classes_HS
USB_HOST_M7.USBH_DEBUG_LEVEL-ALL_Classes_HS=2
USB_HOST_M7.USBH_HandleTypeDef-ALL_Classes_HS=hUsbHostHS
USB_HOST_M7.VirtualModeHS=All_Classes
USB_OTG_HS.IPParameters=VirtualMode-Host_HS
USB_OTG_HS.VirtualMode-Host_HS=Host_HS
VP_MEMORYMAP_VS_MEMORYMAP.Mode=CurAppReg
VP_MEMORYMAP_VS_MEMORYMAP.Signal=MEMORYMAP_VS_MEMORYMAP
VP_SYS_M4_VS_Systick.Mode=SysTick
VP_SYS_M4_VS_Systick.Signal=SYS_M4_VS_Systick
VP_SYS_VS_Systick.Mode=SysTick
VP_SYS_VS_Systick.Signal=SYS_VS_Systick
VP_USB_HOST_M7_VS_USB_HOST_ALL_CLASS_HS.Mode=ALL_Classes_HS
VP_USB_HOST_M7_VS_USB_HOST_ALL_CLASS_HS.Signal=USB_HOST_M7_VS_USB_HOST_ALL_CLASS_HS
board=STM32H747I-DISCO
boardIOC=true
isbadioc=false
